
Microsoft Visual Studio Solution File, Format Version 12.00
# Visual Studio 15
VisualStudioVersion = 15.0.28010.2046
MinimumVisualStudioVersion = 10.0.40219.1
Project("{2150E333-8FDC-42A3-9474-1A3956D46DE8}") = "Tests", "Tests", "{08AE9E4E-0134-4E21-902A-09399CDA2DA7}"
EndProject
Project("{2150E333-8FDC-42A3-9474-1A3956D46DE8}") = "Core", "Core", "{3642B9A3-3B05-4451-BD8D-94F798EC4407}"
EndProject
Project("{2150E333-8FDC-42A3-9474-1A3956D46DE8}") = "Tools", "Tools", "{909432C2-54F9-4F7C-8EC1-F6293E4D3CDC}"
EndProject
Project("{9A19103F-16F7-4668-BE54-9A1E7A4F7556}") = "Triton", "Core\Triton\Triton.csproj", "{52925C81-E9D0-40F6-98FB-08C2EA1D1721}"
EndProject
Project("{FAE04EC0-301F-11D3-BF4B-00C04F79EFBC}") = "Triton.Generator", "Tools\Triton.Generator\Triton.Generator.csproj", "{BAB22ED0-D7F7-419C-B8A2-97C4464FD421}"
EndProject
Global
	GlobalSection(SolutionConfigurationPlatforms) = preSolution
		Debug|Any CPU = Debug|Any CPU
		Release|Any CPU = Release|Any CPU
	EndGlobalSection
	GlobalSection(ProjectConfigurationPlatforms) = postSolution
		{52925C81-E9D0-40F6-98FB-08C2EA1D1721}.Debug|Any CPU.ActiveCfg = Debug|Any CPU
		{52925C81-E9D0-40F6-98FB-08C2EA1D1721}.Debug|Any CPU.Build.0 = Debug|Any CPU
		{52925C81-E9D0-40F6-98FB-08C2EA1D1721}.Release|Any CPU.ActiveCfg = Release|Any CPU
		{52925C81-E9D0-40F6-98FB-08C2EA1D1721}.Release|Any CPU.Build.0 = Release|Any CPU
		{BAB22ED0-D7F7-419C-B8A2-97C4464FD421}.Debug|Any CPU.ActiveCfg = Debug|Any CPU
		{BAB22ED0-D7F7-419C-B8A2-97C4464FD421}.Debug|Any CPU.Build.0 = Debug|Any CPU
		{BAB22ED0-D7F7-419C-B8A2-97C4464FD421}.Release|Any CPU.ActiveCfg = Release|Any CPU
		{BAB22ED0-D7F7-419C-B8A2-97C4464FD421}.Release|Any CPU.Build.0 = Release|Any CPU
	EndGlobalSection
	GlobalSection(SolutionProperties) = preSolution
		HideSolutionNode = FALSE
	EndGlobalSection
	GlobalSection(NestedProjects) = preSolution
		{52925C81-E9D0-40F6-98FB-08C2EA1D1721} = {3642B9A3-3B05-4451-BD8D-94F798EC4407}
		{BAB22ED0-D7F7-419C-B8A2-97C4464FD421} = {909432C2-54F9-4F7C-8EC1-F6293E4D3CDC}
	EndGlobalSection
	GlobalSection(ExtensibilityGlobals) = postSolution
		SolutionGuid = {6F6A8FA7-8EE9-4351-B9EE-FB2AC1E507FC}
	EndGlobalSection
EndGlobal
